
Microsoft Visual Studio Solution File, Format Version 12.00
# Visual Studio Version 16
VisualStudioVersion = 16.0.34902.97
MinimumVisualStudioVersion = 10.0.40219.1
Project("{8BC9CEB8-8B4A-11D0-8D11-00A0C91BC942}") = "Metoda secantei", "Metoda secantei\Metoda secantei.vcxproj", "{6650E4F4-386B-4339-9D61-5E3283F67854}"
EndProject
Global
	GlobalSection(SolutionConfigurationPlatforms) = preSolution
		Debug|x64 = Debug|x64
		Debug|x86 = Debug|x86
		Release|x64 = Release|x64
		Release|x86 = Release|x86
	EndGlobalSection
	GlobalSection(ProjectConfigurationPlatforms) = postSolution
		{6650E4F4-386B-4339-9D61-5E3283F67854}.Debug|x64.ActiveCfg = Debug|x64
		{6650E4F4-386B-4339-9D61-5E3283F67854}.Debug|x64.Build.0 = Debug|x64
		{6650E4F4-386B-4339-9D61-5E3283F67854}.Debug|x86.ActiveCfg = Debug|Win32
		{6650E4F4-386B-4339-9D61-5E3283F67854}.Debug|x86.Build.0 = Debug|Win32
		{6650E4F4-386B-4339-9D61-5E3283F67854}.Release|x64.ActiveCfg = Release|x64
		{6650E4F4-386B-4339-9D61-5E3283F67854}.Release|x64.Build.0 = Release|x64
		{6650E4F4-386B-4339-9D61-5E3283F67854}.Release|x86.ActiveCfg = Release|Win32
		{6650E4F4-386B-4339-9D61-5E3283F67854}.Release|x86.Build.0 = Release|Win32
	EndGlobalSection
	GlobalSection(SolutionProperties) = preSolution
		HideSolutionNode = FALSE
	EndGlobalSection
	GlobalSection(ExtensibilityGlobals) = postSolution
		SolutionGuid = {2259CF26-5017-4FA7-BF3E-2DB5C74E2761}
	EndGlobalSection
EndGlobal
