
Microsoft Visual Studio Solution File, Format Version 12.00
# Visual Studio Version 16
VisualStudioVersion = 16.0.34114.132
MinimumVisualStudioVersion = 10.0.40219.1
Project("{8BC9CEB8-8B4A-11D0-8D11-00A0C91BC942}") = "FactorizareQR", "FactorizareQR\FactorizareQR.vcxproj", "{206D74E2-7B8F-42AC-A881-6A39CB057150}"
EndProject
Global
	GlobalSection(SolutionConfigurationPlatforms) = preSolution
		Debug|x64 = Debug|x64
		Debug|x86 = Debug|x86
		Release|x64 = Release|x64
		Release|x86 = Release|x86
	EndGlobalSection
	GlobalSection(ProjectConfigurationPlatforms) = postSolution
		{206D74E2-7B8F-42AC-A881-6A39CB057150}.Debug|x64.ActiveCfg = Debug|x64
		{206D74E2-7B8F-42AC-A881-6A39CB057150}.Debug|x64.Build.0 = Debug|x64
		{206D74E2-7B8F-42AC-A881-6A39CB057150}.Debug|x86.ActiveCfg = Debug|Win32
		{206D74E2-7B8F-42AC-A881-6A39CB057150}.Debug|x86.Build.0 = Debug|Win32
		{206D74E2-7B8F-42AC-A881-6A39CB057150}.Release|x64.ActiveCfg = Release|x64
		{206D74E2-7B8F-42AC-A881-6A39CB057150}.Release|x64.Build.0 = Release|x64
		{206D74E2-7B8F-42AC-A881-6A39CB057150}.Release|x86.ActiveCfg = Release|Win32
		{206D74E2-7B8F-42AC-A881-6A39CB057150}.Release|x86.Build.0 = Release|Win32
	EndGlobalSection
	GlobalSection(SolutionProperties) = preSolution
		HideSolutionNode = FALSE
	EndGlobalSection
	GlobalSection(ExtensibilityGlobals) = postSolution
		SolutionGuid = {69EDDB68-B0BA-499C-B3A7-1A662B8879C6}
	EndGlobalSection
EndGlobal
