
Microsoft Visual Studio Solution File, Format Version 12.00
# Visual Studio Version 16
VisualStudioVersion = 16.0.34729.46
MinimumVisualStudioVersion = 10.0.40219.1
Project("{8BC9CEB8-8B4A-11D0-8D11-00A0C91BC942}") = "Sistem liniar QR", "Sistem liniar QR\Sistem liniar QR.vcxproj", "{B0E031B2-2960-4DDC-B2E8-15B4ED404675}"
EndProject
Global
	GlobalSection(SolutionConfigurationPlatforms) = preSolution
		Debug|x64 = Debug|x64
		Debug|x86 = Debug|x86
		Release|x64 = Release|x64
		Release|x86 = Release|x86
	EndGlobalSection
	GlobalSection(ProjectConfigurationPlatforms) = postSolution
		{B0E031B2-2960-4DDC-B2E8-15B4ED404675}.Debug|x64.ActiveCfg = Debug|x64
		{B0E031B2-2960-4DDC-B2E8-15B4ED404675}.Debug|x64.Build.0 = Debug|x64
		{B0E031B2-2960-4DDC-B2E8-15B4ED404675}.Debug|x86.ActiveCfg = Debug|Win32
		{B0E031B2-2960-4DDC-B2E8-15B4ED404675}.Debug|x86.Build.0 = Debug|Win32
		{B0E031B2-2960-4DDC-B2E8-15B4ED404675}.Release|x64.ActiveCfg = Release|x64
		{B0E031B2-2960-4DDC-B2E8-15B4ED404675}.Release|x64.Build.0 = Release|x64
		{B0E031B2-2960-4DDC-B2E8-15B4ED404675}.Release|x86.ActiveCfg = Release|Win32
		{B0E031B2-2960-4DDC-B2E8-15B4ED404675}.Release|x86.Build.0 = Release|Win32
	EndGlobalSection
	GlobalSection(SolutionProperties) = preSolution
		HideSolutionNode = FALSE
	EndGlobalSection
	GlobalSection(ExtensibilityGlobals) = postSolution
		SolutionGuid = {1AA82A9C-A652-4A19-92ED-0B4CC66A80B9}
	EndGlobalSection
EndGlobal
